
Microsoft Visual Studio Solution File, Format Version 12.00
# Visual Studio Version 17
VisualStudioVersion = 17.0.32126.317
MinimumVisualStudioVersion = 10.0.40219.1
Project("{FAE04EC0-301F-11D3-BF4B-00C04F79EFBC}") = "CafeteraElectrica", "CafeteraElectrica\CafeteraElectrica.csproj", "{44B4ED71-A913-4345-A7D2-CBE1E725E5DA}"
EndProject
Global
	GlobalSection(SolutionConfigurationPlatforms) = preSolution
		Debug|Any CPU = Debug|Any CPU
		Release|Any CPU = Release|Any CPU
	EndGlobalSection
	GlobalSection(ProjectConfigurationPlatforms) = postSolution
		{44B4ED71-A913-4345-A7D2-CBE1E725E5DA}.Debug|Any CPU.ActiveCfg = Debug|Any CPU
		{44B4ED71-A913-4345-A7D2-CBE1E725E5DA}.Debug|Any CPU.Build.0 = Debug|Any CPU
		{44B4ED71-A913-4345-A7D2-CBE1E725E5DA}.Release|Any CPU.ActiveCfg = Release|Any CPU
		{44B4ED71-A913-4345-A7D2-CBE1E725E5DA}.Release|Any CPU.Build.0 = Release|Any CPU
	EndGlobalSection
	GlobalSection(SolutionProperties) = preSolution
		HideSolutionNode = FALSE
	EndGlobalSection
	GlobalSection(ExtensibilityGlobals) = postSolution
		SolutionGuid = {C5FF4B31-0CA6-4450-874E-CBEDCC0DA532}
	EndGlobalSection
EndGlobal
